// !$*UTF8*$!
{
	archiveVersion = 1;
	classes = {
	};
	objectVersion = 50;
	objects = {

/* Begin PBXBuildFile section */
		1F5AB0B42660DD1700C9CC8E /* AppDelegate.swift in Sources */ = {isa = PBXBuildFile; fileRef = 1F5AB0B32660DD1700C9CC8E /* AppDelegate.swift */; };
		1F5AB0B62660DD1700C9CC8E /* SceneDelegate.swift in Sources */ = {isa = PBXBuildFile; fileRef = 1F5AB0B52660DD1700C9CC8E /* SceneDelegate.swift */; };
		1F5AB0B82660DD1700C9CC8E /* ViewController.swift in Sources */ = {isa = PBXBuildFile; fileRef = 1F5AB0B72660DD1700C9CC8E /* ViewController.swift */; };
		1F5AB0BB2660DD1700C9CC8E /* Main.storyboard in Resources */ = {isa = PBXBuildFile; fileRef = 1F5AB0B92660DD1700C9CC8E /* Main.storyboard */; };
		1F5AB0BD2660DD1900C9CC8E /* Assets.xcassets in Resources */ = {isa = PBXBuildFile; fileRef = 1F5AB0BC2660DD1900C9CC8E /* Assets.xcassets */; };
		1F5AB0C02660DD1900C9CC8E /* LaunchScreen.storyboard in Resources */ = {isa = PBXBuildFile; fileRef = 1F5AB0BE2660DD1900C9CC8E /* LaunchScreen.storyboard */; };
/* End PBXBuildFile section */

/* Begin PBXFileReference section */
		1F5AB0B02660DD1700C9CC8E /* Left & Right i Code.app */ = {isa = PBXFileReference; explicitFileType = wrapper.application; includeInIndex = 0; path = "Left & Right i Code.app"; sourceTree = BUILT_PRODUCTS_DIR; };
		1F5AB0B32660DD1700C9CC8E /* AppDelegate.swift */ = {isa = PBXFileReference; lastKnownFileType = sourcecode.swift; path = AppDelegate.swift; sourceTree = "<group>"; };
		1F5AB0B52660DD1700C9CC8E /* SceneDelegate.swift */ = {isa = PBXFileReference; lastKnownFileType = sourcecode.swift; path = SceneDelegate.swift; sourceTree = "<group>"; };
		1F5AB0B72660DD1700C9CC8E /* ViewController.swift */ = {isa = PBXFileReference; lastKnownFileType = sourcecode.swift; path = ViewController.swift; sourceTree = "<group>"; };
		1F5AB0BA2660DD1700C9CC8E /* Base */ = {isa = PBXFileReference; lastKnownFileType = file.storyboard; name = Base; path = Base.lproj/Main.storyboard; sourceTree = "<group>"; };
		1F5AB0BC2660DD1900C9CC8E /* Assets.xcassets */ = {isa = PBXFileReference; lastKnownFileType = folder.assetcatalog; path = Assets.xcassets; sourceTree = "<group>"; };
		1F5AB0BF2660DD1900C9CC8E /* Base */ = {isa = PBXFileReference; lastKnownFileType = file.storyboard; name = Base; path = Base.lproj/LaunchScreen.storyboard; sourceTree = "<group>"; };
		1F5AB0C12660DD1900C9CC8E /* Info.plist */ = {isa = PBXFileReference; lastKnownFileType = text.plist.xml; path = Info.plist; sourceTree = "<group>"; };
/* End PBXFileReference section */

/* Begin PBXFrameworksBuildPhase section */
		1F5AB0AD2660DD1700C9CC8E /* Frameworks */ = {
			isa = PBXFrameworksBuildPhase;
			buildActionMask = 2147483647;
			files = (
			);
			runOnlyForDeploymentPostprocessing = 0;
		};
/* End PBXFrameworksBuildPhase section */

/* Begin PBXGroup section */
		1F5AB0A72660DD1700C9CC8E = {
			isa = PBXGroup;
			children = (
				1F5AB0B22660DD1700C9CC8E /* Left & Right i Code */,
				1F5AB0B12660DD1700C9CC8E /* Products */,
			);
			sourceTree = "<group>";
		};
		1F5AB0B12660DD1700C9CC8E /* Products */ = {
			isa = PBXGroup;
			children = (
				1F5AB0B02660DD1700C9CC8E /* Left & Right i Code.app */,
			);
			name = Products;
			sourceTree = "<group>";
		};
		1F5AB0B22660DD1700C9CC8E /* Left & Right i Code */ = {
			isa = PBXGroup;
			children = (
				1F5AB0B32660DD1700C9CC8E /* AppDelegate.swift */,
				1F5AB0B52660DD1700C9CC8E /* SceneDelegate.swift */,
				1F5AB0B72660DD1700C9CC8E /* ViewController.swift */,
				1F5AB0B92660DD1700C9CC8E /* Main.storyboard */,
				1F5AB0BC2660DD1900C9CC8E /* Assets.xcassets */,
				1F5AB0BE2660DD1900C9CC8E /* LaunchScreen.storyboard */,
				1F5AB0C12660DD1900C9CC8E /* Info.plist */,
			);
			path = "Left & Right i Code";
			sourceTree = "<group>";
		};
/* End PBXGroup section */

/* Begin PBXNativeTarget section */
		1F5AB0AF2660DD1700C9CC8E /* Left & Right i Code */ = {
			isa = PBXNativeTarget;
			buildConfigurationList = 1F5AB0C42660DD1900C9CC8E /* Build configuration list for PBXNativeTarget "Left & Right i Code" */;
			buildPhases = (
				1F5AB0AC2660DD1700C9CC8E /* Sources */,
				1F5AB0AD2660DD1700C9CC8E /* Frameworks */,
				1F5AB0AE2660DD1700C9CC8E /* Resources */,
			);
			buildRules = (
			);
			dependencies = (
			);
			name = "Left & Right i Code";
			productName = "Left & Right i Code";
			productReference = 1F5AB0B02660DD1700C9CC8E /* Left & Right i Code.app */;
			productType = "com.apple.product-type.application";
		};
/* End PBXNativeTarget section */

/* Begin PBXProject section */
		1F5AB0A82660DD1700C9CC8E /* Project object */ = {
			isa = PBXProject;
			attributes = {
				LastSwiftUpdateCheck = 1250;
				LastUpgradeCheck = 1250;
				TargetAttributes = {
					1F5AB0AF2660DD1700C9CC8E = {
						CreatedOnToolsVersion = 12.5;
					};
				};
			};
			buildConfigurationList = 1F5AB0AB2660DD1700C9CC8E /* Build configuration list for PBXProject "Left & Right i Code" */;
			compatibilityVersion = "Xcode 9.3";
			developmentRegion = en;
			hasScannedForEncodings = 0;
			knownRegions = (
				en,
				Base,
			);
			mainGroup = 1F5AB0A72660DD1700C9CC8E;
			productRefGroup = 1F5AB0B12660DD1700C9CC8E /* Products */;
			projectDirPath = "";
			projectRoot = "";
			targets = (
				1F5AB0AF2660DD1700C9CC8E /* Left & Right i Code */,
			);
		};
/* End PBXProject section */

/* Begin PBXResourcesBuildPhase section */
		1F5AB0AE2660DD1700C9CC8E /* Resources */ = {
			isa = PBXResourcesBuildPhase;
			buildActionMask = 2147483647;
			files = (
				1F5AB0C02660DD1900C9CC8E /* LaunchScreen.storyboard in Resources */,
				1F5AB0BD2660DD1900C9CC8E /* Assets.xcassets in Resources */,
				1F5AB0BB2660DD1700C9CC8E /* Main.storyboard in Resources */,
			);
			runOnlyForDeploymentPostprocessing = 0;
		};
/* End PBXResourcesBuildPhase section */

/* Begin PBXSourcesBuildPhase section */
		1F5AB0AC2660DD1700C9CC8E /* Sources */ = {
			isa = PBXSourcesBuildPhase;
			buildActionMask = 2147483647;
			files = (
				1F5AB0B82660DD1700C9CC8E /* ViewController.swift in Sources */,
				1F5AB0B42660DD1700C9CC8E /* AppDelegate.swift in Sources */,
				1F5AB0B62660DD1700C9CC8E /* SceneDelegate.swift in Sources */,
			);
			runOnlyForDeploymentPostprocessing = 0;
		};
/* End PBXSourcesBuildPhase section */

/* Begin PBXVariantGroup section */
		1F5AB0B92660DD1700C9CC8E /* Main.storyboard */ = {
			isa = PBXVariantGroup;
			children = (
				1F5AB0BA2660DD1700C9CC8E /* Base */,
			);
			name = Main.storyboard;
			sourceTree = "<group>";
		};
		1F5AB0BE2660DD1900C9CC8E /* LaunchScreen.storyboard */ = {
			isa = PBXVariantGroup;
			children = (
				1F5AB0BF2660DD1900C9CC8E /* Base */,
			);
			name = LaunchScreen.storyboard;
			sourceTree = "<group>";
		};
/* End PBXVariantGroup section */

/* Begin XCBuildConfiguration section */
		1F5AB0C22660DD1900C9CC8E /* Debug */ = {
			isa = XCBuildConfiguration;
			buildSettings = {
				ALWAYS_SEARCH_USER_PATHS = NO;
				CLANG_ANALYZER_NONNULL = YES;
				CLANG_ANALYZER_NUMBER_OBJECT_CONVERSION = YES_AGGRESSIVE;
				CLANG_CXX_LANGUAGE_STANDARD = "gnu++14";
				CLANG_CXX_LIBRARY = "libc++";
				CLANG_ENABLE_MODULES = YES;
				CLANG_ENABLE_OBJC_ARC = YES;
				CLANG_ENABLE_OBJC_WEAK = YES;
				CLANG_WARN_BLOCK_CAPTURE_AUTORELEASING = YES;
				CLANG_WARN_BOOL_CONVERSION = YES;
				CLANG_WARN_COMMA = YES;
				CLANG_WARN_CONSTANT_CONVERSION = YES;
				CLANG_WARN_DEPRECATED_OBJC_IMPLEMENTATIONS = YES;
				CLANG_WARN_DIRECT_OBJC_ISA_USAGE = YES_ERROR;
				CLANG_WARN_DOCUMENTATION_COMMENTS = YES;
				CLANG_WARN_EMPTY_BODY = YES;
				CLANG_WARN_ENUM_CONVERSION = YES;
				CLANG_WARN_INFINITE_RECURSION = YES;
				CLANG_WARN_INT_CONVERSION = YES;
				CLANG_WARN_NON_LITERAL_NULL_CONVERSION = YES;
				CLANG_WARN_OBJC_IMPLICIT_RETAIN_SELF = YES;
				CLANG_WARN_OBJC_LITERAL_CONVERSION = YES;
				CLANG_WARN_OBJC_ROOT_CLASS = YES_ERROR;
				CLANG_WARN_QUOTED_INCLUDE_IN_FRAMEWORK_HEADER = YES;
				CLANG_WARN_RANGE_LOOP_ANALYSIS = YES;
				CLANG_WARN_STRICT_PROTOTYPES = YES;
				CLANG_WARN_SUSPICIOUS_MOVE = YES;
				CLANG_WARN_UNGUARDED_AVAILABILITY = YES_AGGRESSIVE;
				CLANG_WARN_UNREACHABLE_CODE = YES;
				CLANG_WARN__DUPLICATE_METHOD_MATCH = YES;
				COPY_PHASE_STRIP = NO;
				DEBUG_INFORMATION_FORMAT = dwarf;
				ENABLE_STRICT_OBJC_MSGSEND = YES;
				ENABLE_TESTABILITY = YES;
				GCC_C_LANGUAGE_STANDARD = gnu11;
				GCC_DYNAMIC_NO_PIC = NO;
				GCC_NO_COMMON_BLOCKS = YES;
				GCC_OPTIMIZATION_LEVEL = 0;
				GCC_PREPROCESSOR_DEFINITIONS = (
					"DEBUG=1",
					"$(inherited)",
				);
				GCC_WARN_64_TO_32_BIT_CONVERSION = YES;
				GCC_WARN_ABOUT_RETURN_TYPE = YES_ERROR;
				GCC_WARN_UNDECLARED_SELECTOR = YES;
				GCC_WARN_UNINITIALIZED_AUTOS = YES_AGGRESSIVE;
				GCC_WARN_UNUSED_FUNCTION = YES;
				GCC_WARN_UNUSED_VARIABLE = YES;
				IPHONEOS_DEPLOYMENT_TARGET = 14.5;
				MTL_ENABLE_DEBUG_INFO = INCLUDE_SOURCE;
				MTL_FAST_MATH = YES;
				ONLY_ACTIVE_ARCH = YES;
				SDKROOT = iphoneos;
				SWIFT_ACTIVE_COMPILATION_CONDITIONS = DEBUG;
				SWIFT_OPTIMIZATION_LEVEL = "-Onone";
			};
			name = Debug;
		};
		1F5AB0C32660DD1900C9CC8E /* Release */ = {
			isa = XCBuildConfiguration;
			buildSettings = {
				ALWAYS_SEARCH_USER_PATHS = NO;
				CLANG_ANALYZER_NONNULL = YES;
				CLANG_ANALYZER_NUMBER_OBJECT_CONVERSION = YES_AGGRESSIVE;
				CLANG_CXX_LANGUAGE_STANDARD = "gnu++14";
				CLANG_CXX_LIBRARY = "libc++";
				CLANG_ENABLE_MODULES = YES;
				CLANG_ENABLE_OBJC_ARC = YES;
				CLANG_ENABLE_OBJC_WEAK = YES;
				CLANG_WARN_BLOCK_CAPTURE_AUTORELEASING = YES;
				CLANG_WARN_BOOL_CONVERSION = YES;
				CLANG_WARN_COMMA = YES;
				CLANG_WARN_CONSTANT_CONVERSION = YES;
				CLANG_WARN_DEPRECATED_OBJC_IMPLEMENTATIONS = YES;
				CLANG_WARN_DIRECT_OBJC_ISA_USAGE = YES_ERROR;
				CLANG_WARN_DOCUMENTATION_COMMENTS = YES;
				CLANG_WARN_EMPTY_BODY = YES;
				CLANG_WARN_ENUM_CONVERSION = YES;
				CLANG_WARN_INFINITE_RECURSION = YES;
				CLANG_WARN_INT_CONVERSION = YES;
				CLANG_WARN_NON_LITERAL_NULL_CONVERSION = YES;
				CLANG_WARN_OBJC_IMPLICIT_RETAIN_SELF = YES;
				CLANG_WARN_OBJC_LITERAL_CONVERSION = YES;
				CLANG_WARN_OBJC_ROOT_CLASS = YES_ERROR;
				CLANG_WARN_QUOTED_INCLUDE_IN_FRAMEWORK_HEADER = YES;
				CLANG_WARN_RANGE_LOOP_ANALYSIS = YES;
				CLANG_WARN_STRICT_PROTOTYPES = YES;
				CLANG_WARN_SUSPICIOUS_MOVE = YES;
				CLANG_WARN_UNGUARDED_AVAILABILITY = YES_AGGRESSIVE;
				CLANG_WARN_UNREACHABLE_CODE = YES;
				CLANG_WARN__DUPLICATE_METHOD_MATCH = YES;
				COPY_PHASE_STRIP = NO;
				DEBUG_INFORMATION_FORMAT = "dwarf-with-dsym";
				ENABLE_NS_ASSERTIONS = NO;
				ENABLE_STRICT_OBJC_MSGSEND = YES;
				GCC_C_LANGUAGE_STANDARD = gnu11;
				GCC_NO_COMMON_BLOCKS = YES;
				GCC_WARN_64_TO_32_BIT_CONVERSION = YES;
				GCC_WARN_ABOUT_RETURN_TYPE = YES_ERROR;
				GCC_WARN_UNDECLARED_SELECTOR = YES;
				GCC_WARN_UNINITIALIZED_AUTOS = YES_AGGRESSIVE;
				GCC_WARN_UNUSED_FUNCTION = YES;
				GCC_WARN_UNUSED_VARIABLE = YES;
				IPHONEOS_DEPLOYMENT_TARGET = 14.5;
				MTL_ENABLE_DEBUG_INFO = NO;
				MTL_FAST_MATH = YES;
				SDKROOT = iphoneos;
				SWIFT_COMPILATION_MODE = wholemodule;
				SWIFT_OPTIMIZATION_LEVEL = "-O";
				VALIDATE_PRODUCT = YES;
			};
			name = Release;
		};
		1F5AB0C52660DD1900C9CC8E /* Debug */ = {
			isa = XCBuildConfiguration;
			buildSettings = {
				ASSETCATALOG_COMPILER_APPICON_NAME = AppIcon;
				ASSETCATALOG_COMPILER_GLOBAL_ACCENT_COLOR_NAME = AccentColor;
				CODE_SIGN_STYLE = Automatic;
				INFOPLIST_FILE = "Left & Right i Code/Info.plist";
				LD_RUNPATH_SEARCH_PATHS = (
					"$(inherited)",
					"@executable_path/Frameworks",
				);
				PRODUCT_BUNDLE_IDENTIFIER = "ua.OleksandrKhalypa.Left---Right-i-Code";
				PRODUCT_NAME = "$(TARGET_NAME)";
				SWIFT_VERSION = 5.0;
				TARGETED_DEVICE_FAMILY = "1,2";
			};
			name = Debug;
		};
		1F5AB0C62660DD1900C9CC8E /* Release */ = {
			isa = XCBuildConfiguration;
			buildSettings = {
				ASSETCATALOG_COMPILER_APPICON_NAME = AppIcon;
				ASSETCATALOG_COMPILER_GLOBAL_ACCENT_COLOR_NAME = AccentColor;
				CODE_SIGN_STYLE = Automatic;
				INFOPLIST_FILE = "Left & Right i Code/Info.plist";
				LD_RUNPATH_SEARCH_PATHS = (
					"$(inherited)",
					"@executable_path/Frameworks",
				);
				PRODUCT_BUNDLE_IDENTIFIER = "ua.OleksandrKhalypa.Left---Right-i-Code";
				PRODUCT_NAME = "$(TARGET_NAME)";
				SWIFT_VERSION = 5.0;
				TARGETED_DEVICE_FAMILY = "1,2";
			};
			name = Release;
		};
/* End XCBuildConfiguration section */

/* Begin XCConfigurationList section */
		1F5AB0AB2660DD1700C9CC8E /* Build configuration list for PBXProject "Left & Right i Code" */ = {
			isa = XCConfigurationList;
			buildConfigurations = (
				1F5AB0C22660DD1900C9CC8E /* Debug */,
				1F5AB0C32660DD1900C9CC8E /* Release */,
			);
			defaultConfigurationIsVisible = 0;
			defaultConfigurationName = Release;
		};
		1F5AB0C42660DD1900C9CC8E /* Build configuration list for PBXNativeTarget "Left & Right i Code" */ = {
			isa = XCConfigurationList;
			buildConfigurations = (
				1F5AB0C52660DD1900C9CC8E /* Debug */,
				1F5AB0C62660DD1900C9CC8E /* Release */,
			);
			defaultConfigurationIsVisible = 0;
			defaultConfigurationName = Release;
		};
/* End XCConfigurationList section */
	};
	rootObject = 1F5AB0A82660DD1700C9CC8E /* Project object */;
}
